
Microsoft Visual Studio Solution File, Format Version 12.00
# Visual Studio Version 17
VisualStudioVersion = 17.4.33110.190
MinimumVisualStudioVersion = 10.0.40219.1
Project("{C7167F0D-BC9F-4E6E-AFE1-012C56B48DB5}") = "ThemeTemplate", "ThemeTemplate\ThemeTemplate.wapproj", "{BACA385F-7E0D-42F5-ACFC-C95DC288F333}"
EndProject
Global
	GlobalSection(SolutionConfigurationPlatforms) = preSolution
		Debug|Any CPU = Debug|Any CPU
		Debug|ARM = Debug|ARM
		Debug|ARM64 = Debug|ARM64
		Debug|x64 = Debug|x64
		Debug|x86 = Debug|x86
		Release|Any CPU = Release|Any CPU
		Release|ARM = Release|ARM
		Release|ARM64 = Release|ARM64
		Release|x64 = Release|x64
		Release|x86 = Release|x86
	EndGlobalSection
	GlobalSection(ProjectConfigurationPlatforms) = postSolution
		{BACA385F-7E0D-42F5-ACFC-C95DC288F333}.Debug|Any CPU.ActiveCfg = Debug|Any CPU
		{BACA385F-7E0D-42F5-ACFC-C95DC288F333}.Debug|Any CPU.Build.0 = Debug|Any CPU
		{BACA385F-7E0D-42F5-ACFC-C95DC288F333}.Debug|Any CPU.Deploy.0 = Debug|Any CPU
		{BACA385F-7E0D-42F5-ACFC-C95DC288F333}.Debug|ARM.ActiveCfg = Debug|ARM
		{BACA385F-7E0D-42F5-ACFC-C95DC288F333}.Debug|ARM.Build.0 = Debug|ARM
		{BACA385F-7E0D-42F5-ACFC-C95DC288F333}.Debug|ARM.Deploy.0 = Debug|ARM
		{BACA385F-7E0D-42F5-ACFC-C95DC288F333}.Debug|ARM64.ActiveCfg = Debug|ARM64
		{BACA385F-7E0D-42F5-ACFC-C95DC288F333}.Debug|ARM64.Build.0 = Debug|ARM64
		{BACA385F-7E0D-42F5-ACFC-C95DC288F333}.Debug|ARM64.Deploy.0 = Debug|ARM64
		{BACA385F-7E0D-42F5-ACFC-C95DC288F333}.Debug|x64.ActiveCfg = Debug|x64
		{BACA385F-7E0D-42F5-ACFC-C95DC288F333}.Debug|x64.Build.0 = Debug|x64
		{BACA385F-7E0D-42F5-ACFC-C95DC288F333}.Debug|x64.Deploy.0 = Debug|x64
		{BACA385F-7E0D-42F5-ACFC-C95DC288F333}.Debug|x86.ActiveCfg = Debug|x86
		{BACA385F-7E0D-42F5-ACFC-C95DC288F333}.Debug|x86.Build.0 = Debug|x86
		{BACA385F-7E0D-42F5-ACFC-C95DC288F333}.Debug|x86.Deploy.0 = Debug|x86
		{BACA385F-7E0D-42F5-ACFC-C95DC288F333}.Release|Any CPU.ActiveCfg = Release|Any CPU
		{BACA385F-7E0D-42F5-ACFC-C95DC288F333}.Release|Any CPU.Build.0 = Release|Any CPU
		{BACA385F-7E0D-42F5-ACFC-C95DC288F333}.Release|Any CPU.Deploy.0 = Release|Any CPU
		{BACA385F-7E0D-42F5-ACFC-C95DC288F333}.Release|ARM.ActiveCfg = Release|ARM
		{BACA385F-7E0D-42F5-ACFC-C95DC288F333}.Release|ARM.Build.0 = Release|ARM
		{BACA385F-7E0D-42F5-ACFC-C95DC288F333}.Release|ARM.Deploy.0 = Release|ARM
		{BACA385F-7E0D-42F5-ACFC-C95DC288F333}.Release|ARM64.ActiveCfg = Release|ARM64
		{BACA385F-7E0D-42F5-ACFC-C95DC288F333}.Release|ARM64.Build.0 = Release|ARM64
		{BACA385F-7E0D-42F5-ACFC-C95DC288F333}.Release|ARM64.Deploy.0 = Release|ARM64
		{BACA385F-7E0D-42F5-ACFC-C95DC288F333}.Release|x64.ActiveCfg = Release|x64
		{BACA385F-7E0D-42F5-ACFC-C95DC288F333}.Release|x64.Build.0 = Release|x64
		{BACA385F-7E0D-42F5-ACFC-C95DC288F333}.Release|x64.Deploy.0 = Release|x64
		{BACA385F-7E0D-42F5-ACFC-C95DC288F333}.Release|x86.ActiveCfg = Release|x86
		{BACA385F-7E0D-42F5-ACFC-C95DC288F333}.Release|x86.Build.0 = Release|x86
		{BACA385F-7E0D-42F5-ACFC-C95DC288F333}.Release|x86.Deploy.0 = Release|x86
	EndGlobalSection
	GlobalSection(SolutionProperties) = preSolution
		HideSolutionNode = FALSE
	EndGlobalSection
	GlobalSection(ExtensibilityGlobals) = postSolution
		SolutionGuid = {CDE8DC1D-CC00-43E5-9D21-3D9D34EB6DA5}
	EndGlobalSection
EndGlobal
