
Microsoft Visual Studio Solution File, Format Version 12.00
# Visual Studio Version 17
VisualStudioVersion = 17.4.33110.190
MinimumVisualStudioVersion = 10.0.40219.1
Project("{FAE04EC0-301F-11D3-BF4B-00C04F79EFBC}") = "SequenceIJ1_1095", "SequenceIJ1_1095\SequenceIJ1_1095.csproj", "{CDD2233E-4DBB-46B8-911D-EDCEA7F89173}"
EndProject
Global
	GlobalSection(SolutionConfigurationPlatforms) = preSolution
		Debug|Any CPU = Debug|Any CPU
		Release|Any CPU = Release|Any CPU
	EndGlobalSection
	GlobalSection(ProjectConfigurationPlatforms) = postSolution
		{CDD2233E-4DBB-46B8-911D-EDCEA7F89173}.Debug|Any CPU.ActiveCfg = Debug|Any CPU
		{CDD2233E-4DBB-46B8-911D-EDCEA7F89173}.Debug|Any CPU.Build.0 = Debug|Any CPU
		{CDD2233E-4DBB-46B8-911D-EDCEA7F89173}.Release|Any CPU.ActiveCfg = Release|Any CPU
		{CDD2233E-4DBB-46B8-911D-EDCEA7F89173}.Release|Any CPU.Build.0 = Release|Any CPU
	EndGlobalSection
	GlobalSection(SolutionProperties) = preSolution
		HideSolutionNode = FALSE
	EndGlobalSection
	GlobalSection(ExtensibilityGlobals) = postSolution
		SolutionGuid = {512CF940-7C8D-42EE-89D5-4CD115808598}
	EndGlobalSection
EndGlobal
