
Microsoft Visual Studio Solution File, Format Version 12.00
# Visual Studio Version 17
VisualStudioVersion = 17.4.33110.190
MinimumVisualStudioVersion = 10.0.40219.1
Project("{FAE04EC0-301F-11D3-BF4B-00C04F79EFBC}") = "Quadrant_1115", "Quadrant_1115\Quadrant_1115.csproj", "{B99B6FE0-5C92-4B1B-8DCB-07252D0A46CA}"
EndProject
Global
	GlobalSection(SolutionConfigurationPlatforms) = preSolution
		Debug|Any CPU = Debug|Any CPU
		Release|Any CPU = Release|Any CPU
	EndGlobalSection
	GlobalSection(ProjectConfigurationPlatforms) = postSolution
		{B99B6FE0-5C92-4B1B-8DCB-07252D0A46CA}.Debug|Any CPU.ActiveCfg = Debug|Any CPU
		{B99B6FE0-5C92-4B1B-8DCB-07252D0A46CA}.Debug|Any CPU.Build.0 = Debug|Any CPU
		{B99B6FE0-5C92-4B1B-8DCB-07252D0A46CA}.Release|Any CPU.ActiveCfg = Release|Any CPU
		{B99B6FE0-5C92-4B1B-8DCB-07252D0A46CA}.Release|Any CPU.Build.0 = Release|Any CPU
	EndGlobalSection
	GlobalSection(SolutionProperties) = preSolution
		HideSolutionNode = FALSE
	EndGlobalSection
	GlobalSection(ExtensibilityGlobals) = postSolution
		SolutionGuid = {8DD41955-173C-4F81-8C1D-9D163ADD7B12}
	EndGlobalSection
EndGlobal
