
Microsoft Visual Studio Solution File, Format Version 12.00
# Visual Studio Version 17
VisualStudioVersion = 17.4.33110.190
MinimumVisualStudioVersion = 10.0.40219.1
Project("{FAE04EC0-301F-11D3-BF4B-00C04F79EFBC}") = "Month_1052", "Month_1052\Month_1052.csproj", "{6EA42DD1-0709-4EA0-B17E-B4C9382559B2}"
EndProject
Global
	GlobalSection(SolutionConfigurationPlatforms) = preSolution
		Debug|Any CPU = Debug|Any CPU
		Release|Any CPU = Release|Any CPU
	EndGlobalSection
	GlobalSection(ProjectConfigurationPlatforms) = postSolution
		{6EA42DD1-0709-4EA0-B17E-B4C9382559B2}.Debug|Any CPU.ActiveCfg = Debug|Any CPU
		{6EA42DD1-0709-4EA0-B17E-B4C9382559B2}.Debug|Any CPU.Build.0 = Debug|Any CPU
		{6EA42DD1-0709-4EA0-B17E-B4C9382559B2}.Release|Any CPU.ActiveCfg = Release|Any CPU
		{6EA42DD1-0709-4EA0-B17E-B4C9382559B2}.Release|Any CPU.Build.0 = Release|Any CPU
	EndGlobalSection
	GlobalSection(SolutionProperties) = preSolution
		HideSolutionNode = FALSE
	EndGlobalSection
	GlobalSection(ExtensibilityGlobals) = postSolution
		SolutionGuid = {8CFBF7FC-50DE-4247-85D4-99D01403979C}
	EndGlobalSection
EndGlobal
