
Microsoft Visual Studio Solution File, Format Version 12.00
# Visual Studio Version 17
VisualStudioVersion = 17.4.33110.190
MinimumVisualStudioVersion = 10.0.40219.1
Project("{FAE04EC0-301F-11D3-BF4B-00C04F79EFBC}") = "ScoreValidation_1118", "ScoreValidation_1118\ScoreValidation_1118.csproj", "{BDAC2EF1-E21E-43FC-86CA-48F18E0415C3}"
EndProject
Global
	GlobalSection(SolutionConfigurationPlatforms) = preSolution
		Debug|Any CPU = Debug|Any CPU
		Release|Any CPU = Release|Any CPU
	EndGlobalSection
	GlobalSection(ProjectConfigurationPlatforms) = postSolution
		{BDAC2EF1-E21E-43FC-86CA-48F18E0415C3}.Debug|Any CPU.ActiveCfg = Debug|Any CPU
		{BDAC2EF1-E21E-43FC-86CA-48F18E0415C3}.Debug|Any CPU.Build.0 = Debug|Any CPU
		{BDAC2EF1-E21E-43FC-86CA-48F18E0415C3}.Release|Any CPU.ActiveCfg = Release|Any CPU
		{BDAC2EF1-E21E-43FC-86CA-48F18E0415C3}.Release|Any CPU.Build.0 = Release|Any CPU
	EndGlobalSection
	GlobalSection(SolutionProperties) = preSolution
		HideSolutionNode = FALSE
	EndGlobalSection
	GlobalSection(ExtensibilityGlobals) = postSolution
		SolutionGuid = {903EFE1E-A4EE-4B3E-9469-E04FF00C398F}
	EndGlobalSection
EndGlobal
