
Microsoft Visual Studio Solution File, Format Version 12.00
# Visual Studio Version 17
VisualStudioVersion = 17.4.33103.184
MinimumVisualStudioVersion = 10.0.40219.1
Project("{FAE04EC0-301F-11D3-BF4B-00C04F79EFBC}") = "Interval_1037", "Interval_1037\Interval_1037.csproj", "{730DEC8B-8F96-46C1-922A-2C1D767F0CD3}"
EndProject
Global
	GlobalSection(SolutionConfigurationPlatforms) = preSolution
		Debug|Any CPU = Debug|Any CPU
		Release|Any CPU = Release|Any CPU
	EndGlobalSection
	GlobalSection(ProjectConfigurationPlatforms) = postSolution
		{730DEC8B-8F96-46C1-922A-2C1D767F0CD3}.Debug|Any CPU.ActiveCfg = Debug|Any CPU
		{730DEC8B-8F96-46C1-922A-2C1D767F0CD3}.Debug|Any CPU.Build.0 = Debug|Any CPU
		{730DEC8B-8F96-46C1-922A-2C1D767F0CD3}.Release|Any CPU.ActiveCfg = Release|Any CPU
		{730DEC8B-8F96-46C1-922A-2C1D767F0CD3}.Release|Any CPU.Build.0 = Release|Any CPU
	EndGlobalSection
	GlobalSection(SolutionProperties) = preSolution
		HideSolutionNode = FALSE
	EndGlobalSection
	GlobalSection(ExtensibilityGlobals) = postSolution
		SolutionGuid = {F3E1E604-EB95-4BDC-AA48-BEC64CF88ED6}
	EndGlobalSection
EndGlobal
