
Microsoft Visual Studio Solution File, Format Version 12.00
# Visual Studio Version 17
VisualStudioVersion = 17.4.33110.190
MinimumVisualStudioVersion = 10.0.40219.1
Project("{FAE04EC0-301F-11D3-BF4B-00C04F79EFBC}") = "DividingXbyY_1116", "DividingXbyY_1116\DividingXbyY_1116.csproj", "{9542811A-04A6-45BE-8994-18AD00972724}"
EndProject
Global
	GlobalSection(SolutionConfigurationPlatforms) = preSolution
		Debug|Any CPU = Debug|Any CPU
		Release|Any CPU = Release|Any CPU
	EndGlobalSection
	GlobalSection(ProjectConfigurationPlatforms) = postSolution
		{9542811A-04A6-45BE-8994-18AD00972724}.Debug|Any CPU.ActiveCfg = Debug|Any CPU
		{9542811A-04A6-45BE-8994-18AD00972724}.Debug|Any CPU.Build.0 = Debug|Any CPU
		{9542811A-04A6-45BE-8994-18AD00972724}.Release|Any CPU.ActiveCfg = Release|Any CPU
		{9542811A-04A6-45BE-8994-18AD00972724}.Release|Any CPU.Build.0 = Release|Any CPU
	EndGlobalSection
	GlobalSection(SolutionProperties) = preSolution
		HideSolutionNode = FALSE
	EndGlobalSection
	GlobalSection(ExtensibilityGlobals) = postSolution
		SolutionGuid = {9E956CDF-42A1-4BCF-A661-0A48EFCE7355}
	EndGlobalSection
EndGlobal
