
Microsoft Visual Studio Solution File, Format Version 12.00
# Visual Studio Version 17
VisualStudioVersion = 17.4.33110.190
MinimumVisualStudioVersion = 10.0.40219.1
Project("{FAE04EC0-301F-11D3-BF4B-00C04F79EFBC}") = "PrimeNumber_1165", "PrimeNumber_1165\PrimeNumber_1165.csproj", "{70748B46-4FF0-4AE3-BE1B-3E7C5C51356B}"
EndProject
Global
	GlobalSection(SolutionConfigurationPlatforms) = preSolution
		Debug|Any CPU = Debug|Any CPU
		Release|Any CPU = Release|Any CPU
	EndGlobalSection
	GlobalSection(ProjectConfigurationPlatforms) = postSolution
		{70748B46-4FF0-4AE3-BE1B-3E7C5C51356B}.Debug|Any CPU.ActiveCfg = Debug|Any CPU
		{70748B46-4FF0-4AE3-BE1B-3E7C5C51356B}.Debug|Any CPU.Build.0 = Debug|Any CPU
		{70748B46-4FF0-4AE3-BE1B-3E7C5C51356B}.Release|Any CPU.ActiveCfg = Release|Any CPU
		{70748B46-4FF0-4AE3-BE1B-3E7C5C51356B}.Release|Any CPU.Build.0 = Release|Any CPU
	EndGlobalSection
	GlobalSection(SolutionProperties) = preSolution
		HideSolutionNode = FALSE
	EndGlobalSection
	GlobalSection(ExtensibilityGlobals) = postSolution
		SolutionGuid = {FF8DD040-BEC2-4E98-B0D1-E2E5D0AD49C2}
	EndGlobalSection
EndGlobal
