
Microsoft Visual Studio Solution File, Format Version 12.00
# Visual Studio Version 17
VisualStudioVersion = 17.4.33110.190
MinimumVisualStudioVersion = 10.0.40219.1
Project("{FAE04EC0-301F-11D3-BF4B-00C04F79EFBC}") = "Experiments_1094", "Experiments_1094\Experiments_1094.csproj", "{CCD9614E-A9B8-4923-9BA1-A92A133B90A2}"
EndProject
Global
	GlobalSection(SolutionConfigurationPlatforms) = preSolution
		Debug|Any CPU = Debug|Any CPU
		Release|Any CPU = Release|Any CPU
	EndGlobalSection
	GlobalSection(ProjectConfigurationPlatforms) = postSolution
		{CCD9614E-A9B8-4923-9BA1-A92A133B90A2}.Debug|Any CPU.ActiveCfg = Debug|Any CPU
		{CCD9614E-A9B8-4923-9BA1-A92A133B90A2}.Debug|Any CPU.Build.0 = Debug|Any CPU
		{CCD9614E-A9B8-4923-9BA1-A92A133B90A2}.Release|Any CPU.ActiveCfg = Release|Any CPU
		{CCD9614E-A9B8-4923-9BA1-A92A133B90A2}.Release|Any CPU.Build.0 = Release|Any CPU
	EndGlobalSection
	GlobalSection(SolutionProperties) = preSolution
		HideSolutionNode = FALSE
	EndGlobalSection
	GlobalSection(ExtensibilityGlobals) = postSolution
		SolutionGuid = {5FC6F7EA-CBBC-4283-88DB-9884D257B84A}
	EndGlobalSection
EndGlobal
