
Microsoft Visual Studio Solution File, Format Version 12.00
# Visual Studio Version 17
VisualStudioVersion = 17.4.33103.184
MinimumVisualStudioVersion = 10.0.40219.1
Project("{FAE04EC0-301F-11D3-BF4B-00C04F79EFBC}") = "Salary_1008", "Salary_1008\Salary_1008.csproj", "{37B2E1F1-AD29-4C59-8E35-E0D506D7A455}"
EndProject
Global
	GlobalSection(SolutionConfigurationPlatforms) = preSolution
		Debug|Any CPU = Debug|Any CPU
		Release|Any CPU = Release|Any CPU
	EndGlobalSection
	GlobalSection(ProjectConfigurationPlatforms) = postSolution
		{37B2E1F1-AD29-4C59-8E35-E0D506D7A455}.Debug|Any CPU.ActiveCfg = Debug|Any CPU
		{37B2E1F1-AD29-4C59-8E35-E0D506D7A455}.Debug|Any CPU.Build.0 = Debug|Any CPU
		{37B2E1F1-AD29-4C59-8E35-E0D506D7A455}.Release|Any CPU.ActiveCfg = Release|Any CPU
		{37B2E1F1-AD29-4C59-8E35-E0D506D7A455}.Release|Any CPU.Build.0 = Release|Any CPU
	EndGlobalSection
	GlobalSection(SolutionProperties) = preSolution
		HideSolutionNode = FALSE
	EndGlobalSection
	GlobalSection(ExtensibilityGlobals) = postSolution
		SolutionGuid = {146B995D-92AC-4AA0-9C61-92DE15F9E725}
	EndGlobalSection
EndGlobal
