
Microsoft Visual Studio Solution File, Format Version 12.00
# Visual Studio Version 17
VisualStudioVersion = 17.4.33110.190
MinimumVisualStudioVersion = 10.0.40219.1
Project("{FAE04EC0-301F-11D3-BF4B-00C04F79EFBC}") = "WeightedAverages_1079", "WeightedAverages_1079\WeightedAverages_1079.csproj", "{EB062EAB-2366-4402-A8BA-DF6BBD1CC59C}"
EndProject
Global
	GlobalSection(SolutionConfigurationPlatforms) = preSolution
		Debug|Any CPU = Debug|Any CPU
		Release|Any CPU = Release|Any CPU
	EndGlobalSection
	GlobalSection(ProjectConfigurationPlatforms) = postSolution
		{EB062EAB-2366-4402-A8BA-DF6BBD1CC59C}.Debug|Any CPU.ActiveCfg = Debug|Any CPU
		{EB062EAB-2366-4402-A8BA-DF6BBD1CC59C}.Debug|Any CPU.Build.0 = Debug|Any CPU
		{EB062EAB-2366-4402-A8BA-DF6BBD1CC59C}.Release|Any CPU.ActiveCfg = Release|Any CPU
		{EB062EAB-2366-4402-A8BA-DF6BBD1CC59C}.Release|Any CPU.Build.0 = Release|Any CPU
	EndGlobalSection
	GlobalSection(SolutionProperties) = preSolution
		HideSolutionNode = FALSE
	EndGlobalSection
	GlobalSection(ExtensibilityGlobals) = postSolution
		SolutionGuid = {EDC36BDD-F009-47F2-978D-2B643F59723D}
	EndGlobalSection
EndGlobal
