
Microsoft Visual Studio Solution File, Format Version 12.00
# Visual Studio Version 17
VisualStudioVersion = 17.4.33103.184
MinimumVisualStudioVersion = 10.0.40219.1
Project("{FAE04EC0-301F-11D3-BF4B-00C04F79EFBC}") = "Triangle_1043", "Triangle_1043\Triangle_1043.csproj", "{C8F454BF-118A-47E5-AA65-6338A019275F}"
EndProject
Global
	GlobalSection(SolutionConfigurationPlatforms) = preSolution
		Debug|Any CPU = Debug|Any CPU
		Release|Any CPU = Release|Any CPU
	EndGlobalSection
	GlobalSection(ProjectConfigurationPlatforms) = postSolution
		{C8F454BF-118A-47E5-AA65-6338A019275F}.Debug|Any CPU.ActiveCfg = Debug|Any CPU
		{C8F454BF-118A-47E5-AA65-6338A019275F}.Debug|Any CPU.Build.0 = Debug|Any CPU
		{C8F454BF-118A-47E5-AA65-6338A019275F}.Release|Any CPU.ActiveCfg = Release|Any CPU
		{C8F454BF-118A-47E5-AA65-6338A019275F}.Release|Any CPU.Build.0 = Release|Any CPU
	EndGlobalSection
	GlobalSection(SolutionProperties) = preSolution
		HideSolutionNode = FALSE
	EndGlobalSection
	GlobalSection(ExtensibilityGlobals) = postSolution
		SolutionGuid = {2E939E7B-2D39-4A54-80ED-7700BE6B1760}
	EndGlobalSection
EndGlobal
